Microsoft Visual Studio Solution File, Format Version 12.00
# Visual Studio 15
VisualStudioVersion = 15.0.26124.0
MinimumVisualStudioVersion = 15.0.26124.0
Project("{9A19103F-16F7-4668-BE54-9A1E7A4F7556}") = "Common", "Common\Common.csproj", "{33BAFED7-828E-4C79-BB62-1D824AD9E3B0}"
EndProject
Project("{9A19103F-16F7-4668-BE54-9A1E7A4F7556}") = "Job", "Job\Job.csproj", "{07CD7473-0DE1-48D1-8FEC-CBE70851DCDE}"
EndProject
Project("{9A19103F-16F7-4668-BE54-9A1E7A4F7556}") = "Api", "Api\Api.csproj", "{42026BAB-3705-4F00-A5E1-A629B12DB5EE}"
EndProject
Project("{9A19103F-16F7-4668-BE54-9A1E7A4F7556}") = "Database", "Database\Database.csproj", "{AAD6C5BE-D2EA-42C8-94C0-1759B7978E9F}"
EndProject
Project("{FAE04EC0-301F-11D3-BF4B-00C04F79EFBC}") = "Core", "Core\Core.csproj", "{10206C37-610E-49D5-A7F4-FCEEEFDF1F3C}"
EndProject
Global
	GlobalSection(SolutionConfigurationPlatforms) = preSolution
		Debug|Any CPU = Debug|Any CPU
		Debug|x64 = Debug|x64
		Debug|x86 = Debug|x86
		Release|Any CPU = Release|Any CPU
		Release|x64 = Release|x64
		Release|x86 = Release|x86
	EndGlobalSection
	GlobalSection(ProjectConfigurationPlatforms) = postSolution
		{33BAFED7-828E-4C79-BB62-1D824AD9E3B0}.Debug|Any CPU.ActiveCfg = Debug|Any CPU
		{33BAFED7-828E-4C79-BB62-1D824AD9E3B0}.Debug|Any CPU.Build.0 = Debug|Any CPU
		{33BAFED7-828E-4C79-BB62-1D824AD9E3B0}.Debug|x64.ActiveCfg = Debug|Any CPU
		{33BAFED7-828E-4C79-BB62-1D824AD9E3B0}.Debug|x64.Build.0 = Debug|Any CPU
		{33BAFED7-828E-4C79-BB62-1D824AD9E3B0}.Debug|x86.ActiveCfg = Debug|Any CPU
		{33BAFED7-828E-4C79-BB62-1D824AD9E3B0}.Debug|x86.Build.0 = Debug|Any CPU
		{33BAFED7-828E-4C79-BB62-1D824AD9E3B0}.Release|Any CPU.ActiveCfg = Release|Any CPU
		{33BAFED7-828E-4C79-BB62-1D824AD9E3B0}.Release|Any CPU.Build.0 = Release|Any CPU
		{33BAFED7-828E-4C79-BB62-1D824AD9E3B0}.Release|x64.ActiveCfg = Release|Any CPU
		{33BAFED7-828E-4C79-BB62-1D824AD9E3B0}.Release|x64.Build.0 = Release|Any CPU
		{33BAFED7-828E-4C79-BB62-1D824AD9E3B0}.Release|x86.ActiveCfg = Release|Any CPU
		{33BAFED7-828E-4C79-BB62-1D824AD9E3B0}.Release|x86.Build.0 = Release|Any CPU
		{07CD7473-0DE1-48D1-8FEC-CBE70851DCDE}.Debug|Any CPU.ActiveCfg = Debug|Any CPU
		{07CD7473-0DE1-48D1-8FEC-CBE70851DCDE}.Debug|Any CPU.Build.0 = Debug|Any CPU
		{07CD7473-0DE1-48D1-8FEC-CBE70851DCDE}.Debug|x64.ActiveCfg = Debug|Any CPU
		{07CD7473-0DE1-48D1-8FEC-CBE70851DCDE}.Debug|x64.Build.0 = Debug|Any CPU
		{07CD7473-0DE1-48D1-8FEC-CBE70851DCDE}.Debug|x86.ActiveCfg = Debug|Any CPU
		{07CD7473-0DE1-48D1-8FEC-CBE70851DCDE}.Debug|x86.Build.0 = Debug|Any CPU
		{07CD7473-0DE1-48D1-8FEC-CBE70851DCDE}.Release|Any CPU.ActiveCfg = Release|Any CPU
		{07CD7473-0DE1-48D1-8FEC-CBE70851DCDE}.Release|Any CPU.Build.0 = Release|Any CPU
		{07CD7473-0DE1-48D1-8FEC-CBE70851DCDE}.Release|x64.ActiveCfg = Release|Any CPU
		{07CD7473-0DE1-48D1-8FEC-CBE70851DCDE}.Release|x64.Build.0 = Release|Any CPU
		{07CD7473-0DE1-48D1-8FEC-CBE70851DCDE}.Release|x86.ActiveCfg = Release|Any CPU
		{07CD7473-0DE1-48D1-8FEC-CBE70851DCDE}.Release|x86.Build.0 = Release|Any CPU
		{42026BAB-3705-4F00-A5E1-A629B12DB5EE}.Debug|Any CPU.ActiveCfg = Debug|Any CPU
		{42026BAB-3705-4F00-A5E1-A629B12DB5EE}.Debug|Any CPU.Build.0 = Debug|Any CPU
		{42026BAB-3705-4F00-A5E1-A629B12DB5EE}.Debug|x64.ActiveCfg = Debug|Any CPU
		{42026BAB-3705-4F00-A5E1-A629B12DB5EE}.Debug|x64.Build.0 = Debug|Any CPU
		{42026BAB-3705-4F00-A5E1-A629B12DB5EE}.Debug|x86.ActiveCfg = Debug|Any CPU
		{42026BAB-3705-4F00-A5E1-A629B12DB5EE}.Debug|x86.Build.0 = Debug|Any CPU
		{42026BAB-3705-4F00-A5E1-A629B12DB5EE}.Release|Any CPU.ActiveCfg = Release|Any CPU
		{42026BAB-3705-4F00-A5E1-A629B12DB5EE}.Release|Any CPU.Build.0 = Release|Any CPU
		{42026BAB-3705-4F00-A5E1-A629B12DB5EE}.Release|x64.ActiveCfg = Release|Any CPU
		{42026BAB-3705-4F00-A5E1-A629B12DB5EE}.Release|x64.Build.0 = Release|Any CPU
		{42026BAB-3705-4F00-A5E1-A629B12DB5EE}.Release|x86.ActiveCfg = Release|Any CPU
		{42026BAB-3705-4F00-A5E1-A629B12DB5EE}.Release|x86.Build.0 = Release|Any CPU
		{AAD6C5BE-D2EA-42C8-94C0-1759B7978E9F}.Debug|Any CPU.ActiveCfg = Debug|Any CPU
		{AAD6C5BE-D2EA-42C8-94C0-1759B7978E9F}.Debug|Any CPU.Build.0 = Debug|Any CPU
		{AAD6C5BE-D2EA-42C8-94C0-1759B7978E9F}.Debug|x64.ActiveCfg = Debug|Any CPU
		{AAD6C5BE-D2EA-42C8-94C0-1759B7978E9F}.Debug|x64.Build.0 = Debug|Any CPU
		{AAD6C5BE-D2EA-42C8-94C0-1759B7978E9F}.Debug|x86.ActiveCfg = Debug|Any CPU
		{AAD6C5BE-D2EA-42C8-94C0-1759B7978E9F}.Debug|x86.Build.0 = Debug|Any CPU
		{AAD6C5BE-D2EA-42C8-94C0-1759B7978E9F}.Release|Any CPU.ActiveCfg = Release|Any CPU
		{AAD6C5BE-D2EA-42C8-94C0-1759B7978E9F}.Release|Any CPU.Build.0 = Release|Any CPU
		{AAD6C5BE-D2EA-42C8-94C0-1759B7978E9F}.Release|x64.ActiveCfg = Release|Any CPU
		{AAD6C5BE-D2EA-42C8-94C0-1759B7978E9F}.Release|x64.Build.0 = Release|Any CPU
		{AAD6C5BE-D2EA-42C8-94C0-1759B7978E9F}.Release|x86.ActiveCfg = Release|Any CPU
		{AAD6C5BE-D2EA-42C8-94C0-1759B7978E9F}.Release|x86.Build.0 = Release|Any CPU
		{10206C37-610E-49D5-A7F4-FCEEEFDF1F3C}.Debug|Any CPU.ActiveCfg = Debug|Any CPU
		{10206C37-610E-49D5-A7F4-FCEEEFDF1F3C}.Debug|Any CPU.Build.0 = Debug|Any CPU
		{10206C37-610E-49D5-A7F4-FCEEEFDF1F3C}.Debug|x64.ActiveCfg = Debug|Any CPU
		{10206C37-610E-49D5-A7F4-FCEEEFDF1F3C}.Debug|x64.Build.0 = Debug|Any CPU
		{10206C37-610E-49D5-A7F4-FCEEEFDF1F3C}.Debug|x86.ActiveCfg = Debug|Any CPU
		{10206C37-610E-49D5-A7F4-FCEEEFDF1F3C}.Debug|x86.Build.0 = Debug|Any CPU
		{10206C37-610E-49D5-A7F4-FCEEEFDF1F3C}.Release|Any CPU.ActiveCfg = Release|Any CPU
		{10206C37-610E-49D5-A7F4-FCEEEFDF1F3C}.Release|Any CPU.Build.0 = Release|Any CPU
		{10206C37-610E-49D5-A7F4-FCEEEFDF1F3C}.Release|x64.ActiveCfg = Release|Any CPU
		{10206C37-610E-49D5-A7F4-FCEEEFDF1F3C}.Release|x64.Build.0 = Release|Any CPU
		{10206C37-610E-49D5-A7F4-FCEEEFDF1F3C}.Release|x86.ActiveCfg = Release|Any CPU
		{10206C37-610E-49D5-A7F4-FCEEEFDF1F3C}.Release|x86.Build.0 = Release|Any CPU
	EndGlobalSection
	GlobalSection(SolutionProperties) = preSolution
		HideSolutionNode = FALSE
	EndGlobalSection
	GlobalSection(ExtensibilityGlobals) = postSolution
		SolutionGuid = {086D6EB3-DD16-47A0-BB69-8D049F4306CA}
	EndGlobalSection
EndGlobal
